
Microsoft Visual Studio Solution File, Format Version 12.00
# Visual Studio Version 16
VisualStudioVersion = 16.0.29709.97
MinimumVisualStudioVersion = 10.0.40219.1
Project("{FAE04EC0-301F-11D3-BF4B-00C04F79EFBC}") = "Check_Permutation", "Check_Permutation\Check_Permutation.csproj", "{CF83FDB5-E62E-405F-A950-901501591D5A}"
EndProject
Global
	GlobalSection(SolutionConfigurationPlatforms) = preSolution
		Debug|Any CPU = Debug|Any CPU
		Release|Any CPU = Release|Any CPU
	EndGlobalSection
	GlobalSection(ProjectConfigurationPlatforms) = postSolution
		{CF83FDB5-E62E-405F-A950-901501591D5A}.Debug|Any CPU.ActiveCfg = Debug|Any CPU
		{CF83FDB5-E62E-405F-A950-901501591D5A}.Debug|Any CPU.Build.0 = Debug|Any CPU
		{CF83FDB5-E62E-405F-A950-901501591D5A}.Release|Any CPU.ActiveCfg = Release|Any CPU
		{CF83FDB5-E62E-405F-A950-901501591D5A}.Release|Any CPU.Build.0 = Release|Any CPU
	EndGlobalSection
	GlobalSection(SolutionProperties) = preSolution
		HideSolutionNode = FALSE
	EndGlobalSection
	GlobalSection(ExtensibilityGlobals) = postSolution
		SolutionGuid = {64776A81-665F-4EBC-AAC9-F5E7CAAFC512}
	EndGlobalSection
EndGlobal
