
Microsoft Visual Studio Solution File, Format Version 12.00
# Visual Studio Version 16
VisualStudioVersion = 16.0.29709.97
MinimumVisualStudioVersion = 10.0.40219.1
Project("{FAE04EC0-301F-11D3-BF4B-00C04F79EFBC}") = "String_Compression", "String_Compression\String_Compression.csproj", "{94569098-B411-442E-BCC0-E32F063B4542}"
EndProject
Global
	GlobalSection(SolutionConfigurationPlatforms) = preSolution
		Debug|Any CPU = Debug|Any CPU
		Release|Any CPU = Release|Any CPU
	EndGlobalSection
	GlobalSection(ProjectConfigurationPlatforms) = postSolution
		{94569098-B411-442E-BCC0-E32F063B4542}.Debug|Any CPU.ActiveCfg = Debug|Any CPU
		{94569098-B411-442E-BCC0-E32F063B4542}.Debug|Any CPU.Build.0 = Debug|Any CPU
		{94569098-B411-442E-BCC0-E32F063B4542}.Release|Any CPU.ActiveCfg = Release|Any CPU
		{94569098-B411-442E-BCC0-E32F063B4542}.Release|Any CPU.Build.0 = Release|Any CPU
	EndGlobalSection
	GlobalSection(SolutionProperties) = preSolution
		HideSolutionNode = FALSE
	EndGlobalSection
	GlobalSection(ExtensibilityGlobals) = postSolution
		SolutionGuid = {624EB7BC-BC6A-4F8C-9495-2C1DAB90E4AE}
	EndGlobalSection
EndGlobal
